<?xml version="1.0" encoding="utf-8"?>
<Project ToolsVersion="4.0" xmlns="http://schemas.microsoft.com/developer/msbuild/2003">
  <ItemGroup>
    <Filter Include="Source Files">
      <UniqueIdentifier>{4FC737F1-C7A5-4376-A066-2A32D752A2FF}</UniqueIdentifier>
      <Extensions>cpp;c;cc;cxx;def;odl;idl;hpj;bat;asm;asmx</Extensions>
    </Filter>
    <Filter Include="Header Files">
      <UniqueIdentifier>{93995380-89BD-4b04-88EB-625FBE52EBFB}</UniqueIdentifier>
      <Extensions>h;hh;hpp;hxx;hm;inl;inc;ipp;xsd</Extensions>
    </Filter>
    <Filter Include="Resource Files">
      <UniqueIdentifier>{67DA6AB6-F800-4c08-8B7A-83BB121AAD01}</UniqueIdentifier>
      <Extensions>rc;ico;cur;bmp;dlg;rc2;rct;bin;rgs;gif;jpg;jpeg;jpe;resx;tiff;tif;png;wav;mfcribbon-ms</Extensions>
    </Filter>
  </ItemGroup>
  <ItemGroup>
    <ClCompile Include="maincpp.cpp">
      <Filter>Source Files</Filter>
    </ClCompile>
    <ClCompile Include="MyServer.cpp">
      <Filter>Source Files</Filter>
    </ClCompile>
    <ClCompile Include="Application.cpp">
      <Filter>Source Files</Filter>
    </ClCompile>
    <ClCompile Include="Authenticator.cpp">
      <Filter>Source Files</Filter>
    </ClCompile>
    <ClCompile Include="RSSupdater.cpp">
      <Filter>Source Files</Filter>
    </ClCompile>
    <ClCompile Include="SourceDownloader.cpp">
      <Filter>Source Files</Filter>
    </ClCompile>
    <ClCompile Include="..\..\pugixml-1.6\src\pugixml.cpp">
      <Filter>Source Files</Filter>
    </ClCompile>
    <ClCompile Include="FeedsDatabase.cpp">
      <Filter>Source Files</Filter>
    </ClCompile>
    <ClCompile Include="ArticleAdder.cpp">
      <Filter>Source Files</Filter>
    </ClCompile>
    <ClCompile Include="Parser.cpp">
      <Filter>Source Files</Filter>
    </ClCompile>
    <ClCompile Include="ImageSaver.cpp">
      <Filter>Source Files</Filter>
    </ClCompile>
    <ClCompile Include="EbookCreator.cpp">
      <Filter>Source Files</Filter>
    </ClCompile>
    <ClCompile Include="ArticleFilter.cpp">
      <Filter>Source Files</Filter>
    </ClCompile>
    <ClCompile Include="DataSelecter.cpp">
      <Filter>Source Files</Filter>
    </ClCompile>
    <ClCompile Include="CurlWrapper.cpp">
      <Filter>Source Files</Filter>
    </ClCompile>
    <ClCompile Include="PocketRetriever.cpp">
      <Filter>Source Files</Filter>
    </ClCompile>
    <ClCompile Include="FilteringRule.cpp">
      <Filter>Source Files</Filter>
    </ClCompile>
  </ItemGroup>
  <ItemGroup>
    <ClInclude Include="MyServer.h">
      <Filter>Header Files</Filter>
    </ClInclude>
    <ClInclude Include="Application.h">
      <Filter>Header Files</Filter>
    </ClInclude>
    <ClInclude Include="Authenticator.h">
      <Filter>Header Files</Filter>
    </ClInclude>
    <ClInclude Include="RSSupdater.h">
      <Filter>Header Files</Filter>
    </ClInclude>
    <ClInclude Include="SourceDownloader.h">
      <Filter>Header Files</Filter>
    </ClInclude>
    <ClInclude Include="FeedsDatabase.h">
      <Filter>Header Files</Filter>
    </ClInclude>
    <ClInclude Include="ArticleAdder.h">
      <Filter>Header Files</Filter>
    </ClInclude>
    <ClInclude Include="APIKeyHolder.h">
      <Filter>Header Files</Filter>
    </ClInclude>
    <ClInclude Include="json.h">
      <Filter>Header Files</Filter>
    </ClInclude>
    <ClInclude Include="Parser.h">
      <Filter>Header Files</Filter>
    </ClInclude>
    <ClInclude Include="ParsedArticle.h">
      <Filter>Header Files</Filter>
    </ClInclude>
    <ClInclude Include="ImageSaver.h">
      <Filter>Header Files</Filter>
    </ClInclude>
    <ClInclude Include="EbookCreator.h">
      <Filter>Header Files</Filter>
    </ClInclude>
    <ClInclude Include="SrcSet.h">
      <Filter>Header Files</Filter>
    </ClInclude>
    <ClInclude Include="ArticleRSS.h">
      <Filter>Header Files</Filter>
    </ClInclude>
    <ClInclude Include="ArticleFilter.h">
      <Filter>Header Files</Filter>
    </ClInclude>
    <ClInclude Include="CountWordsTreeWalker.h">
      <Filter>Header Files</Filter>
    </ClInclude>
    <ClInclude Include="SelectAttributeTreeWalker.h">
      <Filter>Header Files</Filter>
    </ClInclude>
    <ClInclude Include="SelectNameTreeWalker.h">
      <Filter>Header Files</Filter>
    </ClInclude>
    <ClInclude Include="DataSelecter.h">
      <Filter>Header Files</Filter>
    </ClInclude>
    <ClInclude Include="SelectSubstringTreeWalker.h">
      <Filter>Header Files</Filter>
    </ClInclude>
    <ClInclude Include="CurlWrapper.h">
      <Filter>Header Files</Filter>
    </ClInclude>
    <ClInclude Include="PocketRetriever.h">
      <Filter>Header Files</Filter>
    </ClInclude>
    <ClInclude Include="XMLFilteringRuleType.h">
      <Filter>Header Files</Filter>
    </ClInclude>
    <ClInclude Include="XMLFilteringRule.h">
      <Filter>Header Files</Filter>
    </ClInclude>
    <ClInclude Include="FilteringRule.h">
      <Filter>Header Files</Filter>
    </ClInclude>
  </ItemGroup>
</Project>